
Microsoft Visual Studio Solution File, Format Version 12.00
# Visual Studio Version 16
VisualStudioVersion = 16.0.31424.327
MinimumVisualStudioVersion = 10.0.40219.1
Project("{FAE04EC0-301F-11D3-BF4B-00C04F79EFBC}") = "OutbindingIpViewer", "OutbindingIpViewer\OutbindingIpViewer.csproj", "{DFA87DB0-B117-4143-A273-AE74513D6ADD}"
EndProject
Global
	GlobalSection(SolutionConfigurationPlatforms) = preSolution
		Debug|Any CPU = Debug|Any CPU
		Release|Any CPU = Release|Any CPU
	EndGlobalSection
	GlobalSection(ProjectConfigurationPlatforms) = postSolution
		{DFA87DB0-B117-4143-A273-AE74513D6ADD}.Debug|Any CPU.ActiveCfg = Debug|Any CPU
		{DFA87DB0-B117-4143-A273-AE74513D6ADD}.Debug|Any CPU.Build.0 = Debug|Any CPU
		{DFA87DB0-B117-4143-A273-AE74513D6ADD}.Release|Any CPU.ActiveCfg = Release|Any CPU
		{DFA87DB0-B117-4143-A273-AE74513D6ADD}.Release|Any CPU.Build.0 = Release|Any CPU
	EndGlobalSection
	GlobalSection(SolutionProperties) = preSolution
		HideSolutionNode = FALSE
	EndGlobalSection
	GlobalSection(ExtensibilityGlobals) = postSolution
		SolutionGuid = {031BA471-7C88-4AB2-8FF0-2323525DB15E}
	EndGlobalSection
EndGlobal
